
Microsoft Visual Studio Solution File, Format Version 12.00
Project("{FAE04EC0-301F-11D3-BF4B-00C04F79EFBC}") = "MarsRover", "MarsRover\MarsRover.csproj", "{9436CB9B-782A-4E74-BEC1-324CB93E9EA9}"
EndProject
Project("{FAE04EC0-301F-11D3-BF4B-00C04F79EFBC}") = "Yatzy", "Yatzy\Yatzy.csproj", "{774D773C-DC9C-4066-85E1-0E4062BC5DD0}"
EndProject
Global
	GlobalSection(SolutionConfigurationPlatforms) = preSolution
		Debug|Any CPU = Debug|Any CPU
		Release|Any CPU = Release|Any CPU
	EndGlobalSection
	GlobalSection(ProjectConfigurationPlatforms) = postSolution
		{9436CB9B-782A-4E74-BEC1-324CB93E9EA9}.Debug|Any CPU.ActiveCfg = Debug|Any CPU
		{9436CB9B-782A-4E74-BEC1-324CB93E9EA9}.Debug|Any CPU.Build.0 = Debug|Any CPU
		{9436CB9B-782A-4E74-BEC1-324CB93E9EA9}.Release|Any CPU.ActiveCfg = Release|Any CPU
		{9436CB9B-782A-4E74-BEC1-324CB93E9EA9}.Release|Any CPU.Build.0 = Release|Any CPU
		{774D773C-DC9C-4066-85E1-0E4062BC5DD0}.Debug|Any CPU.ActiveCfg = Debug|Any CPU
		{774D773C-DC9C-4066-85E1-0E4062BC5DD0}.Debug|Any CPU.Build.0 = Debug|Any CPU
		{774D773C-DC9C-4066-85E1-0E4062BC5DD0}.Release|Any CPU.ActiveCfg = Release|Any CPU
		{774D773C-DC9C-4066-85E1-0E4062BC5DD0}.Release|Any CPU.Build.0 = Release|Any CPU
	EndGlobalSection
EndGlobal
